
Microsoft Visual Studio Solution File, Format Version 12.00
# Visual Studio Version 17
VisualStudioVersion = 17.3.32825.248
MinimumVisualStudioVersion = 10.0.40219.1
Project("{9A19103F-16F7-4668-BE54-9A1E7A4F7556}") = "Ecommerce", "Ecommerce\Ecommerce.csproj", "{ED041C71-8941-4828-9F4C-1FFECD29B823}"
EndProject
Project("{2150E333-8FDC-42A3-9474-1A3956D46DE8}") = "Solution Items", "Solution Items", "{EF7E9617-44A0-4F94-8817-68AADEEEF0A1}"
	ProjectSection(SolutionItems) = preProject
		.editorconfig = .editorconfig
	EndProjectSection
EndProject
Global
	GlobalSection(SolutionConfigurationPlatforms) = preSolution
		Debug|Any CPU = Debug|Any CPU
		Release|Any CPU = Release|Any CPU
	EndGlobalSection
	GlobalSection(ProjectConfigurationPlatforms) = postSolution
		{ED041C71-8941-4828-9F4C-1FFECD29B823}.Debug|Any CPU.ActiveCfg = Debug|Any CPU
		{ED041C71-8941-4828-9F4C-1FFECD29B823}.Debug|Any CPU.Build.0 = Debug|Any CPU
		{ED041C71-8941-4828-9F4C-1FFECD29B823}.Release|Any CPU.ActiveCfg = Release|Any CPU
		{ED041C71-8941-4828-9F4C-1FFECD29B823}.Release|Any CPU.Build.0 = Release|Any CPU
	EndGlobalSection
	GlobalSection(SolutionProperties) = preSolution
		HideSolutionNode = FALSE
	EndGlobalSection
	GlobalSection(ExtensibilityGlobals) = postSolution
		SolutionGuid = {BC8CFCF9-A2E2-4A80-A96A-A899B22F06CF}
	EndGlobalSection
EndGlobal
